
Microsoft Visual Studio Solution File, Format Version 12.00
# Visual Studio Version 17
VisualStudioVersion = 17.9.34728.123
MinimumVisualStudioVersion = 10.0.40219.1
Project("{9A19103F-16F7-4668-BE54-9A1E7A4F7556}") = "TechPay.Core", "TechPay.Core\TechPay.Core.csproj", "{15F4E51B-3A3B-4470-962E-ABBB9FCF4403}"
EndProject
Project("{FAE04EC0-301F-11D3-BF4B-00C04F79EFBC}") = "TechPay.Infrastructure", "TechPay.Infrastructure\TechPay.Infrastructure.csproj", "{0937A721-789B-47A1-B186-3E13F2F6B6F4}"
EndProject
Project("{FAE04EC0-301F-11D3-BF4B-00C04F79EFBC}") = "TechPay.Shared", "TechPay.Shared\TechPay.Shared.csproj", "{DF7508DD-94B3-4EB0-913A-F76BC2CB669D}"
EndProject
Project("{FAE04EC0-301F-11D3-BF4B-00C04F79EFBC}") = "TechPay.Web", "TechPay.Web\TechPay.Web.csproj", "{9DFAE68F-4641-4DBC-8482-985763E53283}"
EndProject
Project("{FAE04EC0-301F-11D3-BF4B-00C04F79EFBC}") = "TechPay.API", "TechPay.API\TechPay.API.csproj", "{B2A8B47D-D417-4F04-BBDB-1499B58BDA09}"
EndProject
Global
	GlobalSection(SolutionConfigurationPlatforms) = preSolution
		Debug|Any CPU = Debug|Any CPU
		Release|Any CPU = Release|Any CPU
	EndGlobalSection
	GlobalSection(ProjectConfigurationPlatforms) = postSolution
		{15F4E51B-3A3B-4470-962E-ABBB9FCF4403}.Debug|Any CPU.ActiveCfg = Debug|Any CPU
		{15F4E51B-3A3B-4470-962E-ABBB9FCF4403}.Debug|Any CPU.Build.0 = Debug|Any CPU
		{15F4E51B-3A3B-4470-962E-ABBB9FCF4403}.Release|Any CPU.ActiveCfg = Release|Any CPU
		{15F4E51B-3A3B-4470-962E-ABBB9FCF4403}.Release|Any CPU.Build.0 = Release|Any CPU
		{0937A721-789B-47A1-B186-3E13F2F6B6F4}.Debug|Any CPU.ActiveCfg = Debug|Any CPU
		{0937A721-789B-47A1-B186-3E13F2F6B6F4}.Debug|Any CPU.Build.0 = Debug|Any CPU
		{0937A721-789B-47A1-B186-3E13F2F6B6F4}.Release|Any CPU.ActiveCfg = Release|Any CPU
		{0937A721-789B-47A1-B186-3E13F2F6B6F4}.Release|Any CPU.Build.0 = Release|Any CPU
		{DF7508DD-94B3-4EB0-913A-F76BC2CB669D}.Debug|Any CPU.ActiveCfg = Debug|Any CPU
		{DF7508DD-94B3-4EB0-913A-F76BC2CB669D}.Debug|Any CPU.Build.0 = Debug|Any CPU
		{DF7508DD-94B3-4EB0-913A-F76BC2CB669D}.Release|Any CPU.ActiveCfg = Release|Any CPU
		{DF7508DD-94B3-4EB0-913A-F76BC2CB669D}.Release|Any CPU.Build.0 = Release|Any CPU
		{9DFAE68F-4641-4DBC-8482-985763E53283}.Debug|Any CPU.ActiveCfg = Debug|Any CPU
		{9DFAE68F-4641-4DBC-8482-985763E53283}.Debug|Any CPU.Build.0 = Debug|Any CPU
		{9DFAE68F-4641-4DBC-8482-985763E53283}.Release|Any CPU.ActiveCfg = Release|Any CPU
		{9DFAE68F-4641-4DBC-8482-985763E53283}.Release|Any CPU.Build.0 = Release|Any CPU
		{B2A8B47D-D417-4F04-BBDB-1499B58BDA09}.Debug|Any CPU.ActiveCfg = Debug|Any CPU
		{B2A8B47D-D417-4F04-BBDB-1499B58BDA09}.Debug|Any CPU.Build.0 = Debug|Any CPU
		{B2A8B47D-D417-4F04-BBDB-1499B58BDA09}.Release|Any CPU.ActiveCfg = Release|Any CPU
		{B2A8B47D-D417-4F04-BBDB-1499B58BDA09}.Release|Any CPU.Build.0 = Release|Any CPU
	EndGlobalSection
	GlobalSection(SolutionProperties) = preSolution
		HideSolutionNode = FALSE
	EndGlobalSection
	GlobalSection(ExtensibilityGlobals) = postSolution
		SolutionGuid = {082BBCE0-EACC-45A1-AEFF-1FF9F076A66A}
	EndGlobalSection
EndGlobal
